
Microsoft Visual Studio Solution File, Format Version 12.00
# Visual Studio 15
VisualStudioVersion = 15.0.27130.2036
MinimumVisualStudioVersion = 10.0.40219.1
Project("{9A19103F-16F7-4668-BE54-9A1E7A4F7556}") = "VotingApplication", "VotingApplication\VotingApplication.csproj", "{FB0FDC2C-63FB-4811-9AB1-D8C255E98196}"
EndProject
Project("{FAE04EC0-301F-11D3-BF4B-00C04F79EFBC}") = "VotingWebsiteTest", "VotingWebsiteTest\VotingWebsiteTest.csproj", "{0138B8EF-E571-464E-AD53-4137A62AAA97}"
EndProject
Global
	GlobalSection(SolutionConfigurationPlatforms) = preSolution
		Debug|Any CPU = Debug|Any CPU
		Release|Any CPU = Release|Any CPU
	EndGlobalSection
	GlobalSection(ProjectConfigurationPlatforms) = postSolution
		{FB0FDC2C-63FB-4811-9AB1-D8C255E98196}.Debug|Any CPU.ActiveCfg = Debug|Any CPU
		{FB0FDC2C-63FB-4811-9AB1-D8C255E98196}.Debug|Any CPU.Build.0 = Debug|Any CPU
		{FB0FDC2C-63FB-4811-9AB1-D8C255E98196}.Release|Any CPU.ActiveCfg = Release|Any CPU
		{FB0FDC2C-63FB-4811-9AB1-D8C255E98196}.Release|Any CPU.Build.0 = Release|Any CPU
		{0138B8EF-E571-464E-AD53-4137A62AAA97}.Debug|Any CPU.ActiveCfg = Debug|Any CPU
		{0138B8EF-E571-464E-AD53-4137A62AAA97}.Debug|Any CPU.Build.0 = Debug|Any CPU
		{0138B8EF-E571-464E-AD53-4137A62AAA97}.Release|Any CPU.ActiveCfg = Release|Any CPU
		{0138B8EF-E571-464E-AD53-4137A62AAA97}.Release|Any CPU.Build.0 = Release|Any CPU
	EndGlobalSection
	GlobalSection(SolutionProperties) = preSolution
		HideSolutionNode = FALSE
	EndGlobalSection
	GlobalSection(ExtensibilityGlobals) = postSolution
		SolutionGuid = {879A5FC7-1390-4D2B-AD84-8BFD57D93DDC}
	EndGlobalSection
EndGlobal
